
Microsoft Visual Studio Solution File, Format Version 12.00
# Visual Studio Version 17
VisualStudioVersion = 17.10.35122.118
MinimumVisualStudioVersion = 10.0.40219.1
Project("{FAE04EC0-301F-11D3-BF4B-00C04F79EFBC}") = "Exercise2", "Exercise2\Exercise2.csproj", "{9CE41E32-1018-4471-A354-2F2EF16A5B28}"
EndProject
Global
	GlobalSection(SolutionConfigurationPlatforms) = preSolution
		Debug|Any CPU = Debug|Any CPU
		Release|Any CPU = Release|Any CPU
	EndGlobalSection
	GlobalSection(ProjectConfigurationPlatforms) = postSolution
		{9CE41E32-1018-4471-A354-2F2EF16A5B28}.Debug|Any CPU.ActiveCfg = Debug|Any CPU
		{9CE41E32-1018-4471-A354-2F2EF16A5B28}.Debug|Any CPU.Build.0 = Debug|Any CPU
		{9CE41E32-1018-4471-A354-2F2EF16A5B28}.Release|Any CPU.ActiveCfg = Release|Any CPU
		{9CE41E32-1018-4471-A354-2F2EF16A5B28}.Release|Any CPU.Build.0 = Release|Any CPU
	EndGlobalSection
	GlobalSection(SolutionProperties) = preSolution
		HideSolutionNode = FALSE
	EndGlobalSection
	GlobalSection(ExtensibilityGlobals) = postSolution
		SolutionGuid = {A680833C-0A21-4C24-8BEF-15C0254543FC}
	EndGlobalSection
EndGlobal
