
Microsoft Visual Studio Solution File, Format Version 12.00
# Visual Studio Version 17
VisualStudioVersion = 17.10.35122.118
MinimumVisualStudioVersion = 10.0.40219.1
Project("{FAE04EC0-301F-11D3-BF4B-00C04F79EFBC}") = "HashSort", "HashSort\HashSort.csproj", "{45D2BA1B-3F38-4820-BB0C-1C253BF6C950}"
EndProject
Global
	GlobalSection(SolutionConfigurationPlatforms) = preSolution
		Debug|Any CPU = Debug|Any CPU
		Release|Any CPU = Release|Any CPU
	EndGlobalSection
	GlobalSection(ProjectConfigurationPlatforms) = postSolution
		{45D2BA1B-3F38-4820-BB0C-1C253BF6C950}.Debug|Any CPU.ActiveCfg = Debug|Any CPU
		{45D2BA1B-3F38-4820-BB0C-1C253BF6C950}.Debug|Any CPU.Build.0 = Debug|Any CPU
		{45D2BA1B-3F38-4820-BB0C-1C253BF6C950}.Release|Any CPU.ActiveCfg = Release|Any CPU
		{45D2BA1B-3F38-4820-BB0C-1C253BF6C950}.Release|Any CPU.Build.0 = Release|Any CPU
	EndGlobalSection
	GlobalSection(SolutionProperties) = preSolution
		HideSolutionNode = FALSE
	EndGlobalSection
	GlobalSection(ExtensibilityGlobals) = postSolution
		SolutionGuid = {F37D8C2E-16DF-4F9B-BFBE-B14ABC899599}
	EndGlobalSection
EndGlobal
